
Microsoft Visual Studio Solution File, Format Version 12.00
# Visual Studio 15
VisualStudioVersion = 15.0.27130.2036
MinimumVisualStudioVersion = 10.0.40219.1
Project("{FAE04EC0-301F-11D3-BF4B-00C04F79EFBC}") = "DirectLine", "DirectLine\DirectLine.csproj", "{1BB423D7-49A7-4A21-ACC7-D0D0297DFC85}"
EndProject
Global
	GlobalSection(SolutionConfigurationPlatforms) = preSolution
		Debug|Any CPU = Debug|Any CPU
		Release|Any CPU = Release|Any CPU
	EndGlobalSection
	GlobalSection(ProjectConfigurationPlatforms) = postSolution
		{1BB423D7-49A7-4A21-ACC7-D0D0297DFC85}.Debug|Any CPU.ActiveCfg = Debug|Any CPU
		{1BB423D7-49A7-4A21-ACC7-D0D0297DFC85}.Debug|Any CPU.Build.0 = Debug|Any CPU
		{1BB423D7-49A7-4A21-ACC7-D0D0297DFC85}.Release|Any CPU.ActiveCfg = Release|Any CPU
		{1BB423D7-49A7-4A21-ACC7-D0D0297DFC85}.Release|Any CPU.Build.0 = Release|Any CPU
	EndGlobalSection
	GlobalSection(SolutionProperties) = preSolution
		HideSolutionNode = FALSE
	EndGlobalSection
	GlobalSection(ExtensibilityGlobals) = postSolution
		SolutionGuid = {D4987DA2-7642-424F-B472-373C5467DC3A}
	EndGlobalSection
EndGlobal
